// !$*UTF8*$!
{
	archiveVersion = 1;
	classes = {
	};
	objectVersion = 50;
	objects = {

/* Begin PBXBuildFile section */
		75373B5D22EF94CB00113E81 /* AppDelegate.swift in Sources */ = {isa = PBXBuildFile; fileRef = 75373B5C22EF94CB00113E81 /* AppDelegate.swift */; };
		75373B5F22EF94CB00113E81 /* ViewController.swift in Sources */ = {isa = PBXBuildFile; fileRef = 75373B5E22EF94CB00113E81 /* ViewController.swift */; };
		75373B6422EF94D000113E81 /* Assets.xcassets in Resources */ = {isa = PBXBuildFile; fileRef = 75373B6322EF94D000113E81 /* Assets.xcassets */; };
		75373B6722EF94D000113E81 /* LaunchScreen.storyboard in Resources */ = {isa = PBXBuildFile; fileRef = 75373B6522EF94D000113E81 /* LaunchScreen.storyboard */; };
		75373B8122F4D19000113E81 /* Main.storyboard in Resources */ = {isa = PBXBuildFile; fileRef = 75373B8022F4D19000113E81 /* Main.storyboard */; };
		F63D010422F3518B001AC9D0 /* tickets.json in Resources */ = {isa = PBXBuildFile; fileRef = F63D010322F3518A001AC9D0 /* tickets.json */; };
		F63D010622F39DF8001AC9D0 /* restaurant.json in Resources */ = {isa = PBXBuildFile; fileRef = F63D010522F39DF7001AC9D0 /* restaurant.json */; };
		F63D010822F3D1F2001AC9D0 /* myTickets.json in Resources */ = {isa = PBXBuildFile; fileRef = F63D010722F3D1F0001AC9D0 /* myTickets.json */; };
		F6B9192F22EFD1D1006B5916 /* User.swift in Sources */ = {isa = PBXBuildFile; fileRef = F6B9192E22EFD1D1006B5916 /* User.swift */; };
		F6B9193122EFD29F006B5916 /* Ticket.swift in Sources */ = {isa = PBXBuildFile; fileRef = F6B9193022EFD29F006B5916 /* Ticket.swift */; };
		F6B9193322EFDC8C006B5916 /* Token.swift in Sources */ = {isa = PBXBuildFile; fileRef = F6B9193222EFDC8C006B5916 /* Token.swift */; };
		F6B9193522EFDF1E006B5916 /* TicketController.swift in Sources */ = {isa = PBXBuildFile; fileRef = F6B9193422EFDF1E006B5916 /* TicketController.swift */; };
		F6B9193922EFE005006B5916 /* LoginController.swift in Sources */ = {isa = PBXBuildFile; fileRef = F6B9193822EFE005006B5916 /* LoginController.swift */; };
		F6B9195922F173D0006B5916 /* TicketDetailsViewController.swift in Sources */ = {isa = PBXBuildFile; fileRef = F6B9195222F173D0006B5916 /* TicketDetailsViewController.swift */; };
		F6B9195A22F173D0006B5916 /* LoginViewController.swift in Sources */ = {isa = PBXBuildFile; fileRef = F6B9195322F173D0006B5916 /* LoginViewController.swift */; };
		F6B9195B22F173D0006B5916 /* CreateUserViewController.swift in Sources */ = {isa = PBXBuildFile; fileRef = F6B9195422F173D0006B5916 /* CreateUserViewController.swift */; };
		F6B9195C22F173D0006B5916 /* OpenTicketTableViewController.swift in Sources */ = {isa = PBXBuildFile; fileRef = F6B9195522F173D0006B5916 /* OpenTicketTableViewController.swift */; };
		F6B9195D22F173D0006B5916 /* AttractionsTableViewController.swift in Sources */ = {isa = PBXBuildFile; fileRef = F6B9195622F173D0006B5916 /* AttractionsTableViewController.swift */; };
		F6B9195E22F173D0006B5916 /* MyTicketTableViewController.swift in Sources */ = {isa = PBXBuildFile; fileRef = F6B9195722F173D0006B5916 /* MyTicketTableViewController.swift */; };
		F6B9195F22F173D0006B5916 /* ProfileViewController.swift in Sources */ = {isa = PBXBuildFile; fileRef = F6B9195822F173D0006B5916 /* ProfileViewController.swift */; };
		F6B9196122F25410006B5916 /* Attraction.swift in Sources */ = {isa = PBXBuildFile; fileRef = F6B9196022F25410006B5916 /* Attraction.swift */; };
		F6B9196322F25448006B5916 /* AttractionsController.swift in Sources */ = {isa = PBXBuildFile; fileRef = F6B9196222F25448006B5916 /* AttractionsController.swift */; };
/* End PBXBuildFile section */

/* Begin PBXFileReference section */
		75373B5922EF94CB00113E81 /* DisneyParent.app */ = {isa = PBXFileReference; explicitFileType = wrapper.application; includeInIndex = 0; path = DisneyParent.app; sourceTree = BUILT_PRODUCTS_DIR; };
		75373B5C22EF94CB00113E81 /* AppDelegate.swift */ = {isa = PBXFileReference; lastKnownFileType = sourcecode.swift; path = AppDelegate.swift; sourceTree = "<group>"; };
		75373B5E22EF94CB00113E81 /* ViewController.swift */ = {isa = PBXFileReference; lastKnownFileType = sourcecode.swift; path = ViewController.swift; sourceTree = "<group>"; };
		75373B6322EF94D000113E81 /* Assets.xcassets */ = {isa = PBXFileReference; lastKnownFileType = folder.assetcatalog; path = Assets.xcassets; sourceTree = "<group>"; };
		75373B6622EF94D000113E81 /* Base */ = {isa = PBXFileReference; lastKnownFileType = file.storyboard; name = Base; path = Base.lproj/LaunchScreen.storyboard; sourceTree = "<group>"; };
		75373B6822EF94D000113E81 /* Info.plist */ = {isa = PBXFileReference; lastKnownFileType = text.plist.xml; path = Info.plist; sourceTree = "<group>"; };
		75373B8022F4D19000113E81 /* Main.storyboard */ = {isa = PBXFileReference; fileEncoding = 4; lastKnownFileType = file.storyboard; path = Main.storyboard; sourceTree = "<group>"; };
		F63D010322F3518A001AC9D0 /* tickets.json */ = {isa = PBXFileReference; fileEncoding = 4; lastKnownFileType = text.json; path = tickets.json; sourceTree = SOURCE_ROOT; };
		F63D010522F39DF7001AC9D0 /* restaurant.json */ = {isa = PBXFileReference; fileEncoding = 4; lastKnownFileType = text.json; path = restaurant.json; sourceTree = SOURCE_ROOT; };
		F63D010722F3D1F0001AC9D0 /* myTickets.json */ = {isa = PBXFileReference; fileEncoding = 4; lastKnownFileType = text.json; path = myTickets.json; sourceTree = SOURCE_ROOT; };
		F6B9192E22EFD1D1006B5916 /* User.swift */ = {isa = PBXFileReference; lastKnownFileType = sourcecode.swift; path = User.swift; sourceTree = "<group>"; };
		F6B9193022EFD29F006B5916 /* Ticket.swift */ = {isa = PBXFileReference; lastKnownFileType = sourcecode.swift; path = Ticket.swift; sourceTree = "<group>"; };
		F6B9193222EFDC8C006B5916 /* Token.swift */ = {isa = PBXFileReference; lastKnownFileType = sourcecode.swift; path = Token.swift; sourceTree = "<group>"; };
		F6B9193422EFDF1E006B5916 /* TicketController.swift */ = {isa = PBXFileReference; lastKnownFileType = sourcecode.swift; path = TicketController.swift; sourceTree = "<group>"; };
		F6B9193822EFE005006B5916 /* LoginController.swift */ = {isa = PBXFileReference; lastKnownFileType = sourcecode.swift; path = LoginController.swift; sourceTree = "<group>"; };
		F6B9195222F173D0006B5916 /* TicketDetailsViewController.swift */ = {isa = PBXFileReference; fileEncoding = 4; lastKnownFileType = sourcecode.swift; path = TicketDetailsViewController.swift; sourceTree = "<group>"; };
		F6B9195322F173D0006B5916 /* LoginViewController.swift */ = {isa = PBXFileReference; fileEncoding = 4; lastKnownFileType = sourcecode.swift; path = LoginViewController.swift; sourceTree = "<group>"; };
		F6B9195422F173D0006B5916 /* CreateUserViewController.swift */ = {isa = PBXFileReference; fileEncoding = 4; lastKnownFileType = sourcecode.swift; path = CreateUserViewController.swift; sourceTree = "<group>"; };
		F6B9195522F173D0006B5916 /* OpenTicketTableViewController.swift */ = {isa = PBXFileReference; fileEncoding = 4; lastKnownFileType = sourcecode.swift; path = OpenTicketTableViewController.swift; sourceTree = "<group>"; };
		F6B9195622F173D0006B5916 /* AttractionsTableViewController.swift */ = {isa = PBXFileReference; fileEncoding = 4; lastKnownFileType = sourcecode.swift; path = AttractionsTableViewController.swift; sourceTree = "<group>"; };
		F6B9195722F173D0006B5916 /* MyTicketTableViewController.swift */ = {isa = PBXFileReference; fileEncoding = 4; lastKnownFileType = sourcecode.swift; path = MyTicketTableViewController.swift; sourceTree = "<group>"; };
		F6B9195822F173D0006B5916 /* ProfileViewController.swift */ = {isa = PBXFileReference; fileEncoding = 4; lastKnownFileType = sourcecode.swift; path = ProfileViewController.swift; sourceTree = "<group>"; };
		F6B9196022F25410006B5916 /* Attraction.swift */ = {isa = PBXFileReference; lastKnownFileType = sourcecode.swift; path = Attraction.swift; sourceTree = "<group>"; };
		F6B9196222F25448006B5916 /* AttractionsController.swift */ = {isa = PBXFileReference; lastKnownFileType = sourcecode.swift; path = AttractionsController.swift; sourceTree = "<group>"; };
/* End PBXFileReference section */

/* Begin PBXFrameworksBuildPhase section */
		75373B5622EF94CB00113E81 /* Frameworks */ = {
			isa = PBXFrameworksBuildPhase;
			buildActionMask = 2147483647;
			files = (
			);
			runOnlyForDeploymentPostprocessing = 0;
		};
/* End PBXFrameworksBuildPhase section */

/* Begin PBXGroup section */
		75373B5022EF94CB00113E81 = {
			isa = PBXGroup;
			children = (
				75373B5B22EF94CB00113E81 /* DisneyParent */,
				75373B5A22EF94CB00113E81 /* Products */,
			);
			sourceTree = "<group>";
		};
		75373B5A22EF94CB00113E81 /* Products */ = {
			isa = PBXGroup;
			children = (
				75373B5922EF94CB00113E81 /* DisneyParent.app */,
			);
			name = Products;
			sourceTree = "<group>";
		};
		75373B5B22EF94CB00113E81 /* DisneyParent */ = {
			isa = PBXGroup;
			children = (
				F63D010722F3D1F0001AC9D0 /* myTickets.json */,
				F63D010522F39DF7001AC9D0 /* restaurant.json */,
				F63D010322F3518A001AC9D0 /* tickets.json */,
				F6524D9122EFCF5A003F5D1B /* Models */,
				F6B9192C22EFCFC1006B5916 /* Views */,
				F6B9192D22EFCFC8006B5916 /* Controllers */,
				75373B5C22EF94CB00113E81 /* AppDelegate.swift */,
				75373B5E22EF94CB00113E81 /* ViewController.swift */,
				75373B8022F4D19000113E81 /* Main.storyboard */,
				75373B6322EF94D000113E81 /* Assets.xcassets */,
				75373B6522EF94D000113E81 /* LaunchScreen.storyboard */,
				75373B6822EF94D000113E81 /* Info.plist */,
			);
			path = DisneyParent;
			sourceTree = "<group>";
		};
		F6524D9122EFCF5A003F5D1B /* Models */ = {
			isa = PBXGroup;
			children = (
				F6B9193222EFDC8C006B5916 /* Token.swift */,
				F6B9192E22EFD1D1006B5916 /* User.swift */,
				F6B9193022EFD29F006B5916 /* Ticket.swift */,
				F6B9196022F25410006B5916 /* Attraction.swift */,
			);
			path = Models;
			sourceTree = "<group>";
		};
		F6B9192C22EFCFC1006B5916 /* Views */ = {
			isa = PBXGroup;
			children = (
				F6B9195622F173D0006B5916 /* AttractionsTableViewController.swift */,
				F6B9195422F173D0006B5916 /* CreateUserViewController.swift */,
				F6B9195322F173D0006B5916 /* LoginViewController.swift */,
				F6B9195722F173D0006B5916 /* MyTicketTableViewController.swift */,
				F6B9195522F173D0006B5916 /* OpenTicketTableViewController.swift */,
				F6B9195222F173D0006B5916 /* TicketDetailsViewController.swift */,
				F6B9195822F173D0006B5916 /* ProfileViewController.swift */,
			);
			path = Views;
			sourceTree = "<group>";
		};
		F6B9192D22EFCFC8006B5916 /* Controllers */ = {
			isa = PBXGroup;
			children = (
				F6B9193422EFDF1E006B5916 /* TicketController.swift */,
				F6B9193822EFE005006B5916 /* LoginController.swift */,
				F6B9196222F25448006B5916 /* AttractionsController.swift */,
			);
			path = Controllers;
			sourceTree = "<group>";
		};
/* End PBXGroup section */

/* Begin PBXNativeTarget section */
		75373B5822EF94CB00113E81 /* DisneyParent */ = {
			isa = PBXNativeTarget;
			buildConfigurationList = 75373B6B22EF94D000113E81 /* Build configuration list for PBXNativeTarget "DisneyParent" */;
			buildPhases = (
				75373B5522EF94CB00113E81 /* Sources */,
				75373B5622EF94CB00113E81 /* Frameworks */,
				75373B5722EF94CB00113E81 /* Resources */,
			);
			buildRules = (
			);
			dependencies = (
			);
			name = DisneyParent;
			productName = DisneyParent;
			productReference = 75373B5922EF94CB00113E81 /* DisneyParent.app */;
			productType = "com.apple.product-type.application";
		};
/* End PBXNativeTarget section */

/* Begin PBXProject section */
		75373B5122EF94CB00113E81 /* Project object */ = {
			isa = PBXProject;
			attributes = {
				LastSwiftUpdateCheck = 1020;
				LastUpgradeCheck = 1020;
				ORGANIZATIONNAME = bradleyyin;
				TargetAttributes = {
					75373B5822EF94CB00113E81 = {
						CreatedOnToolsVersion = 10.2.1;
					};
				};
			};
			buildConfigurationList = 75373B5422EF94CB00113E81 /* Build configuration list for PBXProject "DisneyParent" */;
			compatibilityVersion = "Xcode 9.3";
			developmentRegion = en;
			hasScannedForEncodings = 0;
			knownRegions = (
				en,
				Base,
			);
			mainGroup = 75373B5022EF94CB00113E81;
			productRefGroup = 75373B5A22EF94CB00113E81 /* Products */;
			projectDirPath = "";
			projectRoot = "";
			targets = (
				75373B5822EF94CB00113E81 /* DisneyParent */,
			);
		};
/* End PBXProject section */

/* Begin PBXResourcesBuildPhase section */
		75373B5722EF94CB00113E81 /* Resources */ = {
			isa = PBXResourcesBuildPhase;
			buildActionMask = 2147483647;
			files = (
				75373B6722EF94D000113E81 /* LaunchScreen.storyboard in Resources */,
				F63D010622F39DF8001AC9D0 /* restaurant.json in Resources */,
				75373B6422EF94D000113E81 /* Assets.xcassets in Resources */,
				75373B8122F4D19000113E81 /* Main.storyboard in Resources */,
				F63D010822F3D1F2001AC9D0 /* myTickets.json in Resources */,
				F63D010422F3518B001AC9D0 /* tickets.json in Resources */,
			);
			runOnlyForDeploymentPostprocessing = 0;
		};
/* End PBXResourcesBuildPhase section */

/* Begin PBXSourcesBuildPhase section */
		75373B5522EF94CB00113E81 /* Sources */ = {
			isa = PBXSourcesBuildPhase;
			buildActionMask = 2147483647;
			files = (
				F6B9195A22F173D0006B5916 /* LoginViewController.swift in Sources */,
				F6B9195B22F173D0006B5916 /* CreateUserViewController.swift in Sources */,
				F6B9195C22F173D0006B5916 /* OpenTicketTableViewController.swift in Sources */,
				F6B9196122F25410006B5916 /* Attraction.swift in Sources */,
				75373B5F22EF94CB00113E81 /* ViewController.swift in Sources */,
				F6B9195F22F173D0006B5916 /* ProfileViewController.swift in Sources */,
				F6B9195E22F173D0006B5916 /* MyTicketTableViewController.swift in Sources */,
				F6B9193322EFDC8C006B5916 /* Token.swift in Sources */,
				75373B5D22EF94CB00113E81 /* AppDelegate.swift in Sources */,
				F6B9192F22EFD1D1006B5916 /* User.swift in Sources */,
				F6B9196322F25448006B5916 /* AttractionsController.swift in Sources */,
				F6B9193122EFD29F006B5916 /* Ticket.swift in Sources */,
				F6B9193522EFDF1E006B5916 /* TicketController.swift in Sources */,
				F6B9193922EFE005006B5916 /* LoginController.swift in Sources */,
				F6B9195D22F173D0006B5916 /* AttractionsTableViewController.swift in Sources */,
				F6B9195922F173D0006B5916 /* TicketDetailsViewController.swift in Sources */,
			);
			runOnlyForDeploymentPostprocessing = 0;
		};
/* End PBXSourcesBuildPhase section */

/* Begin PBXVariantGroup section */
		75373B6522EF94D000113E81 /* LaunchScreen.storyboard */ = {
			isa = PBXVariantGroup;
			children = (
				75373B6622EF94D000113E81 /* Base */,
			);
			name = LaunchScreen.storyboard;
			sourceTree = "<group>";
		};
/* End PBXVariantGroup section */

/* Begin XCBuildConfiguration section */
		75373B6922EF94D000113E81 /* Debug */ = {
			isa = XCBuildConfiguration;
			buildSettings = {
				ALWAYS_SEARCH_USER_PATHS = NO;
				CLANG_ANALYZER_NONNULL = YES;
				CLANG_ANALYZER_NUMBER_OBJECT_CONVERSION = YES_AGGRESSIVE;
				CLANG_CXX_LANGUAGE_STANDARD = "gnu++14";
				CLANG_CXX_LIBRARY = "libc++";
				CLANG_ENABLE_MODULES = YES;
				CLANG_ENABLE_OBJC_ARC = YES;
				CLANG_ENABLE_OBJC_WEAK = YES;
				CLANG_WARN_BLOCK_CAPTURE_AUTORELEASING = YES;
				CLANG_WARN_BOOL_CONVERSION = YES;
				CLANG_WARN_COMMA = YES;
				CLANG_WARN_CONSTANT_CONVERSION = YES;
				CLANG_WARN_DEPRECATED_OBJC_IMPLEMENTATIONS = YES;
				CLANG_WARN_DIRECT_OBJC_ISA_USAGE = YES_ERROR;
				CLANG_WARN_DOCUMENTATION_COMMENTS = YES;
				CLANG_WARN_EMPTY_BODY = YES;
				CLANG_WARN_ENUM_CONVERSION = YES;
				CLANG_WARN_INFINITE_RECURSION = YES;
				CLANG_WARN_INT_CONVERSION = YES;
				CLANG_WARN_NON_LITERAL_NULL_CONVERSION = YES;
				CLANG_WARN_OBJC_IMPLICIT_RETAIN_SELF = YES;
				CLANG_WARN_OBJC_LITERAL_CONVERSION = YES;
				CLANG_WARN_OBJC_ROOT_CLASS = YES_ERROR;
				CLANG_WARN_RANGE_LOOP_ANALYSIS = YES;
				CLANG_WARN_STRICT_PROTOTYPES = YES;
				CLANG_WARN_SUSPICIOUS_MOVE = YES;
				CLANG_WARN_UNGUARDED_AVAILABILITY = YES_AGGRESSIVE;
				CLANG_WARN_UNREACHABLE_CODE = YES;
				CLANG_WARN__DUPLICATE_METHOD_MATCH = YES;
				CODE_SIGN_IDENTITY = "iPhone Developer";
				COPY_PHASE_STRIP = NO;
				DEBUG_INFORMATION_FORMAT = dwarf;
				ENABLE_STRICT_OBJC_MSGSEND = YES;
				ENABLE_TESTABILITY = YES;
				GCC_C_LANGUAGE_STANDARD = gnu11;
				GCC_DYNAMIC_NO_PIC = NO;
				GCC_NO_COMMON_BLOCKS = YES;
				GCC_OPTIMIZATION_LEVEL = 0;
				GCC_PREPROCESSOR_DEFINITIONS = (
					"DEBUG=1",
					"$(inherited)",
				);
				GCC_WARN_64_TO_32_BIT_CONVERSION = YES;
				GCC_WARN_ABOUT_RETURN_TYPE = YES_ERROR;
				GCC_WARN_UNDECLARED_SELECTOR = YES;
				GCC_WARN_UNINITIALIZED_AUTOS = YES_AGGRESSIVE;
				GCC_WARN_UNUSED_FUNCTION = YES;
				GCC_WARN_UNUSED_VARIABLE = YES;
				IPHONEOS_DEPLOYMENT_TARGET = 12.2;
				MTL_ENABLE_DEBUG_INFO = INCLUDE_SOURCE;
				MTL_FAST_MATH = YES;
				ONLY_ACTIVE_ARCH = YES;
				SDKROOT = iphoneos;
				SWIFT_ACTIVE_COMPILATION_CONDITIONS = DEBUG;
				SWIFT_OPTIMIZATION_LEVEL = "-Onone";
			};
			name = Debug;
		};
		75373B6A22EF94D000113E81 /* Release */ = {
			isa = XCBuildConfiguration;
			buildSettings = {
				ALWAYS_SEARCH_USER_PATHS = NO;
				CLANG_ANALYZER_NONNULL = YES;
				CLANG_ANALYZER_NUMBER_OBJECT_CONVERSION = YES_AGGRESSIVE;
				CLANG_CXX_LANGUAGE_STANDARD = "gnu++14";
				CLANG_CXX_LIBRARY = "libc++";
				CLANG_ENABLE_MODULES = YES;
				CLANG_ENABLE_OBJC_ARC = YES;
				CLANG_ENABLE_OBJC_WEAK = YES;
				CLANG_WARN_BLOCK_CAPTURE_AUTORELEASING = YES;
				CLANG_WARN_BOOL_CONVERSION = YES;
				CLANG_WARN_COMMA = YES;
				CLANG_WARN_CONSTANT_CONVERSION = YES;
				CLANG_WARN_DEPRECATED_OBJC_IMPLEMENTATIONS = YES;
				CLANG_WARN_DIRECT_OBJC_ISA_USAGE = YES_ERROR;
				CLANG_WARN_DOCUMENTATION_COMMENTS = YES;
				CLANG_WARN_EMPTY_BODY = YES;
				CLANG_WARN_ENUM_CONVERSION = YES;
				CLANG_WARN_INFINITE_RECURSION = YES;
				CLANG_WARN_INT_CONVERSION = YES;
				CLANG_WARN_NON_LITERAL_NULL_CONVERSION = YES;
				CLANG_WARN_OBJC_IMPLICIT_RETAIN_SELF = YES;
				CLANG_WARN_OBJC_LITERAL_CONVERSION = YES;
				CLANG_WARN_OBJC_ROOT_CLASS = YES_ERROR;
				CLANG_WARN_RANGE_LOOP_ANALYSIS = YES;
				CLANG_WARN_STRICT_PROTOTYPES = YES;
				CLANG_WARN_SUSPICIOUS_MOVE = YES;
				CLANG_WARN_UNGUARDED_AVAILABILITY = YES_AGGRESSIVE;
				CLANG_WARN_UNREACHABLE_CODE = YES;
				CLANG_WARN__DUPLICATE_METHOD_MATCH = YES;
				CODE_SIGN_IDENTITY = "iPhone Developer";
				COPY_PHASE_STRIP = NO;
				DEBUG_INFORMATION_FORMAT = "dwarf-with-dsym";
				ENABLE_NS_ASSERTIONS = NO;
				ENABLE_STRICT_OBJC_MSGSEND = YES;
				GCC_C_LANGUAGE_STANDARD = gnu11;
				GCC_NO_COMMON_BLOCKS = YES;
				GCC_WARN_64_TO_32_BIT_CONVERSION = YES;
				GCC_WARN_ABOUT_RETURN_TYPE = YES_ERROR;
				GCC_WARN_UNDECLARED_SELECTOR = YES;
				GCC_WARN_UNINITIALIZED_AUTOS = YES_AGGRESSIVE;
				GCC_WARN_UNUSED_FUNCTION = YES;
				GCC_WARN_UNUSED_VARIABLE = YES;
				IPHONEOS_DEPLOYMENT_TARGET = 12.2;
				MTL_ENABLE_DEBUG_INFO = NO;
				MTL_FAST_MATH = YES;
				SDKROOT = iphoneos;
				SWIFT_COMPILATION_MODE = wholemodule;
				SWIFT_OPTIMIZATION_LEVEL = "-O";
				VALIDATE_PRODUCT = YES;
			};
			name = Release;
		};
		75373B6C22EF94D000113E81 /* Debug */ = {
			isa = XCBuildConfiguration;
			buildSettings = {
				ASSETCATALOG_COMPILER_APPICON_NAME = AppIcon;
				CODE_SIGN_STYLE = Automatic;
				DEVELOPMENT_TEAM = 8492LT54LT;
				INFOPLIST_FILE = DisneyParent/Info.plist;
				LD_RUNPATH_SEARCH_PATHS = (
					"$(inherited)",
					"@executable_path/Frameworks",
				);
				PRODUCT_BUNDLE_IDENTIFIER = com.bradleyyin.DisneyParent;
				PRODUCT_NAME = "$(TARGET_NAME)";
				SWIFT_VERSION = 5.0;
				TARGETED_DEVICE_FAMILY = "1,2";
			};
			name = Debug;
		};
		75373B6D22EF94D000113E81 /* Release */ = {
			isa = XCBuildConfiguration;
			buildSettings = {
				ASSETCATALOG_COMPILER_APPICON_NAME = AppIcon;
				CODE_SIGN_STYLE = Automatic;
				DEVELOPMENT_TEAM = 8492LT54LT;
				INFOPLIST_FILE = DisneyParent/Info.plist;
				LD_RUNPATH_SEARCH_PATHS = (
					"$(inherited)",
					"@executable_path/Frameworks",
				);
				PRODUCT_BUNDLE_IDENTIFIER = com.bradleyyin.DisneyParent;
				PRODUCT_NAME = "$(TARGET_NAME)";
				SWIFT_VERSION = 5.0;
				TARGETED_DEVICE_FAMILY = "1,2";
			};
			name = Release;
		};
/* End XCBuildConfiguration section */

/* Begin XCConfigurationList section */
		75373B5422EF94CB00113E81 /* Build configuration list for PBXProject "DisneyParent" */ = {
			isa = XCConfigurationList;
			buildConfigurations = (
				75373B6922EF94D000113E81 /* Debug */,
				75373B6A22EF94D000113E81 /* Release */,
			);
			defaultConfigurationIsVisible = 0;
			defaultConfigurationName = Release;
		};
		75373B6B22EF94D000113E81 /* Build configuration list for PBXNativeTarget "DisneyParent" */ = {
			isa = XCConfigurationList;
			buildConfigurations = (
				75373B6C22EF94D000113E81 /* Debug */,
				75373B6D22EF94D000113E81 /* Release */,
			);
			defaultConfigurationIsVisible = 0;
			defaultConfigurationName = Release;
		};
/* End XCConfigurationList section */
	};
	rootObject = 75373B5122EF94CB00113E81 /* Project object */;
}
