// !$*UTF8*$!
{
	archiveVersion = 1;
	classes = {
	};
	objectVersion = 50;
	objects = {

/* Begin PBXBuildFile section */
		75373B5D22EF94CB00113E81 /* AppDelegate.swift in Sources */ = {isa = PBXBuildFile; fileRef = 75373B5C22EF94CB00113E81 /* AppDelegate.swift */; };
		75373B6222EF94CB00113E81 /* Main.storyboard in Resources */ = {isa = PBXBuildFile; fileRef = 75373B6022EF94CB00113E81 /* Main.storyboard */; };
		75373B6422EF94D000113E81 /* Assets.xcassets in Resources */ = {isa = PBXBuildFile; fileRef = 75373B6322EF94D000113E81 /* Assets.xcassets */; };
		75373B6722EF94D000113E81 /* LaunchScreen.storyboard in Resources */ = {isa = PBXBuildFile; fileRef = 75373B6522EF94D000113E81 /* LaunchScreen.storyboard */; };
		75373B6F22F0DA0200113E81 /* LoginViewController.swift in Sources */ = {isa = PBXBuildFile; fileRef = 75373B6E22F0DA0200113E81 /* LoginViewController.swift */; };
		75373B7122F0DA1400113E81 /* CreateUserViewController.swift in Sources */ = {isa = PBXBuildFile; fileRef = 75373B7022F0DA1400113E81 /* CreateUserViewController.swift */; };
		75373B7322F0DA6600113E81 /* ProfileViewController.swift in Sources */ = {isa = PBXBuildFile; fileRef = 75373B7222F0DA6600113E81 /* ProfileViewController.swift */; };
		75373B7522F0DA7600113E81 /* OpenTicketTableViewController.swift in Sources */ = {isa = PBXBuildFile; fileRef = 75373B7422F0DA7600113E81 /* OpenTicketTableViewController.swift */; };
		75373B7722F0DBFE00113E81 /* MyTicketTableViewController.swift in Sources */ = {isa = PBXBuildFile; fileRef = 75373B7622F0DBFE00113E81 /* MyTicketTableViewController.swift */; };
		75373B7922F0DC1200113E81 /* AttractionsTableViewController.swift in Sources */ = {isa = PBXBuildFile; fileRef = 75373B7822F0DC1200113E81 /* AttractionsTableViewController.swift */; };
		75373B7B22F0DCD800113E81 /* TicketDetailsViewController.swift in Sources */ = {isa = PBXBuildFile; fileRef = 75373B7A22F0DCD800113E81 /* TicketDetailsViewController.swift */; };
/* End PBXBuildFile section */

/* Begin PBXFileReference section */
		75373B5922EF94CB00113E81 /* DisneyParent.app */ = {isa = PBXFileReference; explicitFileType = wrapper.application; includeInIndex = 0; path = DisneyParent.app; sourceTree = BUILT_PRODUCTS_DIR; };
		75373B5C22EF94CB00113E81 /* AppDelegate.swift */ = {isa = PBXFileReference; lastKnownFileType = sourcecode.swift; path = AppDelegate.swift; sourceTree = "<group>"; };
		75373B6122EF94CB00113E81 /* Base */ = {isa = PBXFileReference; lastKnownFileType = file.storyboard; name = Base; path = Base.lproj/Main.storyboard; sourceTree = "<group>"; };
		75373B6322EF94D000113E81 /* Assets.xcassets */ = {isa = PBXFileReference; lastKnownFileType = folder.assetcatalog; path = Assets.xcassets; sourceTree = "<group>"; };
		75373B6622EF94D000113E81 /* Base */ = {isa = PBXFileReference; lastKnownFileType = file.storyboard; name = Base; path = Base.lproj/LaunchScreen.storyboard; sourceTree = "<group>"; };
		75373B6822EF94D000113E81 /* Info.plist */ = {isa = PBXFileReference; lastKnownFileType = text.plist.xml; path = Info.plist; sourceTree = "<group>"; };
		75373B6E22F0DA0200113E81 /* LoginViewController.swift */ = {isa = PBXFileReference; lastKnownFileType = sourcecode.swift; path = LoginViewController.swift; sourceTree = "<group>"; };
		75373B7022F0DA1400113E81 /* CreateUserViewController.swift */ = {isa = PBXFileReference; lastKnownFileType = sourcecode.swift; path = CreateUserViewController.swift; sourceTree = "<group>"; };
		75373B7222F0DA6600113E81 /* ProfileViewController.swift */ = {isa = PBXFileReference; lastKnownFileType = sourcecode.swift; path = ProfileViewController.swift; sourceTree = "<group>"; };
		75373B7422F0DA7600113E81 /* OpenTicketTableViewController.swift */ = {isa = PBXFileReference; lastKnownFileType = sourcecode.swift; path = OpenTicketTableViewController.swift; sourceTree = "<group>"; };
		75373B7622F0DBFE00113E81 /* MyTicketTableViewController.swift */ = {isa = PBXFileReference; lastKnownFileType = sourcecode.swift; path = MyTicketTableViewController.swift; sourceTree = "<group>"; };
		75373B7822F0DC1200113E81 /* AttractionsTableViewController.swift */ = {isa = PBXFileReference; lastKnownFileType = sourcecode.swift; path = AttractionsTableViewController.swift; sourceTree = "<group>"; };
		75373B7A22F0DCD800113E81 /* TicketDetailsViewController.swift */ = {isa = PBXFileReference; lastKnownFileType = sourcecode.swift; path = TicketDetailsViewController.swift; sourceTree = "<group>"; };
/* End PBXFileReference section */

/* Begin PBXFrameworksBuildPhase section */
		75373B5622EF94CB00113E81 /* Frameworks */ = {
			isa = PBXFrameworksBuildPhase;
			buildActionMask = 2147483647;
			files = (
			);
			runOnlyForDeploymentPostprocessing = 0;
		};
/* End PBXFrameworksBuildPhase section */

/* Begin PBXGroup section */
		75373B5022EF94CB00113E81 = {
			isa = PBXGroup;
			children = (
				75373B5B22EF94CB00113E81 /* DisneyParent */,
				75373B5A22EF94CB00113E81 /* Products */,
			);
			sourceTree = "<group>";
		};
		75373B5A22EF94CB00113E81 /* Products */ = {
			isa = PBXGroup;
			children = (
				75373B5922EF94CB00113E81 /* DisneyParent.app */,
			);
			name = Products;
			sourceTree = "<group>";
		};
		75373B5B22EF94CB00113E81 /* DisneyParent */ = {
			isa = PBXGroup;
			children = (
				75373B5C22EF94CB00113E81 /* AppDelegate.swift */,
				75373B6022EF94CB00113E81 /* Main.storyboard */,
				75373B6E22F0DA0200113E81 /* LoginViewController.swift */,
				75373B7022F0DA1400113E81 /* CreateUserViewController.swift */,
				75373B7222F0DA6600113E81 /* ProfileViewController.swift */,
				75373B7A22F0DCD800113E81 /* TicketDetailsViewController.swift */,
				75373B7422F0DA7600113E81 /* OpenTicketTableViewController.swift */,
				75373B7622F0DBFE00113E81 /* MyTicketTableViewController.swift */,
				75373B7822F0DC1200113E81 /* AttractionsTableViewController.swift */,
				75373B6322EF94D000113E81 /* Assets.xcassets */,
				75373B6522EF94D000113E81 /* LaunchScreen.storyboard */,
				75373B6822EF94D000113E81 /* Info.plist */,
			);
			path = DisneyParent;
			sourceTree = "<group>";
		};
/* End PBXGroup section */

/* Begin PBXNativeTarget section */
		75373B5822EF94CB00113E81 /* DisneyParent */ = {
			isa = PBXNativeTarget;
			buildConfigurationList = 75373B6B22EF94D000113E81 /* Build configuration list for PBXNativeTarget "DisneyParent" */;
			buildPhases = (
				75373B5522EF94CB00113E81 /* Sources */,
				75373B5622EF94CB00113E81 /* Frameworks */,
				75373B5722EF94CB00113E81 /* Resources */,
			);
			buildRules = (
			);
			dependencies = (
			);
			name = DisneyParent;
			productName = DisneyParent;
			productReference = 75373B5922EF94CB00113E81 /* DisneyParent.app */;
			productType = "com.apple.product-type.application";
		};
/* End PBXNativeTarget section */

/* Begin PBXProject section */
		75373B5122EF94CB00113E81 /* Project object */ = {
			isa = PBXProject;
			attributes = {
				LastSwiftUpdateCheck = 1020;
				LastUpgradeCheck = 1020;
				ORGANIZATIONNAME = bradleyyin;
				TargetAttributes = {
					75373B5822EF94CB00113E81 = {
						CreatedOnToolsVersion = 10.2.1;
					};
				};
			};
			buildConfigurationList = 75373B5422EF94CB00113E81 /* Build configuration list for PBXProject "DisneyParent" */;
			compatibilityVersion = "Xcode 9.3";
			developmentRegion = en;
			hasScannedForEncodings = 0;
			knownRegions = (
				en,
				Base,
			);
			mainGroup = 75373B5022EF94CB00113E81;
			productRefGroup = 75373B5A22EF94CB00113E81 /* Products */;
			projectDirPath = "";
			projectRoot = "";
			targets = (
				75373B5822EF94CB00113E81 /* DisneyParent */,
			);
		};
/* End PBXProject section */

/* Begin PBXResourcesBuildPhase section */
		75373B5722EF94CB00113E81 /* Resources */ = {
			isa = PBXResourcesBuildPhase;
			buildActionMask = 2147483647;
			files = (
				75373B6722EF94D000113E81 /* LaunchScreen.storyboard in Resources */,
				75373B6422EF94D000113E81 /* Assets.xcassets in Resources */,
				75373B6222EF94CB00113E81 /* Main.storyboard in Resources */,
			);
			runOnlyForDeploymentPostprocessing = 0;
		};
/* End PBXResourcesBuildPhase section */

/* Begin PBXSourcesBuildPhase section */
		75373B5522EF94CB00113E81 /* Sources */ = {
			isa = PBXSourcesBuildPhase;
			buildActionMask = 2147483647;
			files = (
				75373B7522F0DA7600113E81 /* OpenTicketTableViewController.swift in Sources */,
				75373B6F22F0DA0200113E81 /* LoginViewController.swift in Sources */,
				75373B5D22EF94CB00113E81 /* AppDelegate.swift in Sources */,
				75373B7322F0DA6600113E81 /* ProfileViewController.swift in Sources */,
				75373B7122F0DA1400113E81 /* CreateUserViewController.swift in Sources */,
				75373B7922F0DC1200113E81 /* AttractionsTableViewController.swift in Sources */,
				75373B7722F0DBFE00113E81 /* MyTicketTableViewController.swift in Sources */,
				75373B7B22F0DCD800113E81 /* TicketDetailsViewController.swift in Sources */,
			);
			runOnlyForDeploymentPostprocessing = 0;
		};
/* End PBXSourcesBuildPhase section */

/* Begin PBXVariantGroup section */
		75373B6022EF94CB00113E81 /* Main.storyboard */ = {
			isa = PBXVariantGroup;
			children = (
				75373B6122EF94CB00113E81 /* Base */,
			);
			name = Main.storyboard;
			sourceTree = "<group>";
		};
		75373B6522EF94D000113E81 /* LaunchScreen.storyboard */ = {
			isa = PBXVariantGroup;
			children = (
				75373B6622EF94D000113E81 /* Base */,
			);
			name = LaunchScreen.storyboard;
			sourceTree = "<group>";
		};
/* End PBXVariantGroup section */

/* Begin XCBuildConfiguration section */
		75373B6922EF94D000113E81 /* Debug */ = {
			isa = XCBuildConfiguration;
			buildSettings = {
				ALWAYS_SEARCH_USER_PATHS = NO;
				CLANG_ANALYZER_NONNULL = YES;
				CLANG_ANALYZER_NUMBER_OBJECT_CONVERSION = YES_AGGRESSIVE;
				CLANG_CXX_LANGUAGE_STANDARD = "gnu++14";
				CLANG_CXX_LIBRARY = "libc++";
				CLANG_ENABLE_MODULES = YES;
				CLANG_ENABLE_OBJC_ARC = YES;
				CLANG_ENABLE_OBJC_WEAK = YES;
				CLANG_WARN_BLOCK_CAPTURE_AUTORELEASING = YES;
				CLANG_WARN_BOOL_CONVERSION = YES;
				CLANG_WARN_COMMA = YES;
				CLANG_WARN_CONSTANT_CONVERSION = YES;
				CLANG_WARN_DEPRECATED_OBJC_IMPLEMENTATIONS = YES;
				CLANG_WARN_DIRECT_OBJC_ISA_USAGE = YES_ERROR;
				CLANG_WARN_DOCUMENTATION_COMMENTS = YES;
				CLANG_WARN_EMPTY_BODY = YES;
				CLANG_WARN_ENUM_CONVERSION = YES;
				CLANG_WARN_INFINITE_RECURSION = YES;
				CLANG_WARN_INT_CONVERSION = YES;
				CLANG_WARN_NON_LITERAL_NULL_CONVERSION = YES;
				CLANG_WARN_OBJC_IMPLICIT_RETAIN_SELF = YES;
				CLANG_WARN_OBJC_LITERAL_CONVERSION = YES;
				CLANG_WARN_OBJC_ROOT_CLASS = YES_ERROR;
				CLANG_WARN_RANGE_LOOP_ANALYSIS = YES;
				CLANG_WARN_STRICT_PROTOTYPES = YES;
				CLANG_WARN_SUSPICIOUS_MOVE = YES;
				CLANG_WARN_UNGUARDED_AVAILABILITY = YES_AGGRESSIVE;
				CLANG_WARN_UNREACHABLE_CODE = YES;
				CLANG_WARN__DUPLICATE_METHOD_MATCH = YES;
				CODE_SIGN_IDENTITY = "iPhone Developer";
				COPY_PHASE_STRIP = NO;
				DEBUG_INFORMATION_FORMAT = dwarf;
				ENABLE_STRICT_OBJC_MSGSEND = YES;
				ENABLE_TESTABILITY = YES;
				GCC_C_LANGUAGE_STANDARD = gnu11;
				GCC_DYNAMIC_NO_PIC = NO;
				GCC_NO_COMMON_BLOCKS = YES;
				GCC_OPTIMIZATION_LEVEL = 0;
				GCC_PREPROCESSOR_DEFINITIONS = (
					"DEBUG=1",
					"$(inherited)",
				);
				GCC_WARN_64_TO_32_BIT_CONVERSION = YES;
				GCC_WARN_ABOUT_RETURN_TYPE = YES_ERROR;
				GCC_WARN_UNDECLARED_SELECTOR = YES;
				GCC_WARN_UNINITIALIZED_AUTOS = YES_AGGRESSIVE;
				GCC_WARN_UNUSED_FUNCTION = YES;
				GCC_WARN_UNUSED_VARIABLE = YES;
				IPHONEOS_DEPLOYMENT_TARGET = 12.2;
				MTL_ENABLE_DEBUG_INFO = INCLUDE_SOURCE;
				MTL_FAST_MATH = YES;
				ONLY_ACTIVE_ARCH = YES;
				SDKROOT = iphoneos;
				SWIFT_ACTIVE_COMPILATION_CONDITIONS = DEBUG;
				SWIFT_OPTIMIZATION_LEVEL = "-Onone";
			};
			name = Debug;
		};
		75373B6A22EF94D000113E81 /* Release */ = {
			isa = XCBuildConfiguration;
			buildSettings = {
				ALWAYS_SEARCH_USER_PATHS = NO;
				CLANG_ANALYZER_NONNULL = YES;
				CLANG_ANALYZER_NUMBER_OBJECT_CONVERSION = YES_AGGRESSIVE;
				CLANG_CXX_LANGUAGE_STANDARD = "gnu++14";
				CLANG_CXX_LIBRARY = "libc++";
				CLANG_ENABLE_MODULES = YES;
				CLANG_ENABLE_OBJC_ARC = YES;
				CLANG_ENABLE_OBJC_WEAK = YES;
				CLANG_WARN_BLOCK_CAPTURE_AUTORELEASING = YES;
				CLANG_WARN_BOOL_CONVERSION = YES;
				CLANG_WARN_COMMA = YES;
				CLANG_WARN_CONSTANT_CONVERSION = YES;
				CLANG_WARN_DEPRECATED_OBJC_IMPLEMENTATIONS = YES;
				CLANG_WARN_DIRECT_OBJC_ISA_USAGE = YES_ERROR;
				CLANG_WARN_DOCUMENTATION_COMMENTS = YES;
				CLANG_WARN_EMPTY_BODY = YES;
				CLANG_WARN_ENUM_CONVERSION = YES;
				CLANG_WARN_INFINITE_RECURSION = YES;
				CLANG_WARN_INT_CONVERSION = YES;
				CLANG_WARN_NON_LITERAL_NULL_CONVERSION = YES;
				CLANG_WARN_OBJC_IMPLICIT_RETAIN_SELF = YES;
				CLANG_WARN_OBJC_LITERAL_CONVERSION = YES;
				CLANG_WARN_OBJC_ROOT_CLASS = YES_ERROR;
				CLANG_WARN_RANGE_LOOP_ANALYSIS = YES;
				CLANG_WARN_STRICT_PROTOTYPES = YES;
				CLANG_WARN_SUSPICIOUS_MOVE = YES;
				CLANG_WARN_UNGUARDED_AVAILABILITY = YES_AGGRESSIVE;
				CLANG_WARN_UNREACHABLE_CODE = YES;
				CLANG_WARN__DUPLICATE_METHOD_MATCH = YES;
				CODE_SIGN_IDENTITY = "iPhone Developer";
				COPY_PHASE_STRIP = NO;
				DEBUG_INFORMATION_FORMAT = "dwarf-with-dsym";
				ENABLE_NS_ASSERTIONS = NO;
				ENABLE_STRICT_OBJC_MSGSEND = YES;
				GCC_C_LANGUAGE_STANDARD = gnu11;
				GCC_NO_COMMON_BLOCKS = YES;
				GCC_WARN_64_TO_32_BIT_CONVERSION = YES;
				GCC_WARN_ABOUT_RETURN_TYPE = YES_ERROR;
				GCC_WARN_UNDECLARED_SELECTOR = YES;
				GCC_WARN_UNINITIALIZED_AUTOS = YES_AGGRESSIVE;
				GCC_WARN_UNUSED_FUNCTION = YES;
				GCC_WARN_UNUSED_VARIABLE = YES;
				IPHONEOS_DEPLOYMENT_TARGET = 12.2;
				MTL_ENABLE_DEBUG_INFO = NO;
				MTL_FAST_MATH = YES;
				SDKROOT = iphoneos;
				SWIFT_COMPILATION_MODE = wholemodule;
				SWIFT_OPTIMIZATION_LEVEL = "-O";
				VALIDATE_PRODUCT = YES;
			};
			name = Release;
		};
		75373B6C22EF94D000113E81 /* Debug */ = {
			isa = XCBuildConfiguration;
			buildSettings = {
				ASSETCATALOG_COMPILER_APPICON_NAME = AppIcon;
				CODE_SIGN_STYLE = Automatic;
				DEVELOPMENT_TEAM = 8367QTYVY6;
				INFOPLIST_FILE = DisneyParent/Info.plist;
				LD_RUNPATH_SEARCH_PATHS = (
					"$(inherited)",
					"@executable_path/Frameworks",
				);
				PRODUCT_BUNDLE_IDENTIFIER = com.bradleyyin.DisneyParent;
				PRODUCT_NAME = "$(TARGET_NAME)";
				SWIFT_VERSION = 5.0;
				TARGETED_DEVICE_FAMILY = "1,2";
			};
			name = Debug;
		};
		75373B6D22EF94D000113E81 /* Release */ = {
			isa = XCBuildConfiguration;
			buildSettings = {
				ASSETCATALOG_COMPILER_APPICON_NAME = AppIcon;
				CODE_SIGN_STYLE = Automatic;
				DEVELOPMENT_TEAM = 8367QTYVY6;
				INFOPLIST_FILE = DisneyParent/Info.plist;
				LD_RUNPATH_SEARCH_PATHS = (
					"$(inherited)",
					"@executable_path/Frameworks",
				);
				PRODUCT_BUNDLE_IDENTIFIER = com.bradleyyin.DisneyParent;
				PRODUCT_NAME = "$(TARGET_NAME)";
				SWIFT_VERSION = 5.0;
				TARGETED_DEVICE_FAMILY = "1,2";
			};
			name = Release;
		};
/* End XCBuildConfiguration section */

/* Begin XCConfigurationList section */
		75373B5422EF94CB00113E81 /* Build configuration list for PBXProject "DisneyParent" */ = {
			isa = XCConfigurationList;
			buildConfigurations = (
				75373B6922EF94D000113E81 /* Debug */,
				75373B6A22EF94D000113E81 /* Release */,
			);
			defaultConfigurationIsVisible = 0;
			defaultConfigurationName = Release;
		};
		75373B6B22EF94D000113E81 /* Build configuration list for PBXNativeTarget "DisneyParent" */ = {
			isa = XCConfigurationList;
			buildConfigurations = (
				75373B6C22EF94D000113E81 /* Debug */,
				75373B6D22EF94D000113E81 /* Release */,
			);
			defaultConfigurationIsVisible = 0;
			defaultConfigurationName = Release;
		};
/* End XCConfigurationList section */
	};
	rootObject = 75373B5122EF94CB00113E81 /* Project object */;
}
